
Microsoft Visual Studio Solution File, Format Version 12.00
# Visual Studio Version 16
VisualStudioVersion = 16.0.32630.194
MinimumVisualStudioVersion = 10.0.40219.1
Project("{FAE04EC0-301F-11D3-BF4B-00C04F79EFBC}") = "DoveAutomation", "DoveAutomation\DoveAutomation.csproj", "{B1DBA7CD-505E-4436-9D17-7F9F991C1CFA}"
EndProject
Global
	GlobalSection(SolutionConfigurationPlatforms) = preSolution
		Debug|Any CPU = Debug|Any CPU
		Release|Any CPU = Release|Any CPU
	EndGlobalSection
	GlobalSection(ProjectConfigurationPlatforms) = postSolution
		{B1DBA7CD-505E-4436-9D17-7F9F991C1CFA}.Debug|Any CPU.ActiveCfg = Debug|Any CPU
		{B1DBA7CD-505E-4436-9D17-7F9F991C1CFA}.Debug|Any CPU.Build.0 = Debug|Any CPU
		{B1DBA7CD-505E-4436-9D17-7F9F991C1CFA}.Release|Any CPU.ActiveCfg = Release|Any CPU
		{B1DBA7CD-505E-4436-9D17-7F9F991C1CFA}.Release|Any CPU.Build.0 = Release|Any CPU
	EndGlobalSection
	GlobalSection(SolutionProperties) = preSolution
		HideSolutionNode = FALSE
	EndGlobalSection
	GlobalSection(ExtensibilityGlobals) = postSolution
		SolutionGuid = {A940ADDD-C3A9-47CF-984F-E5EE536B6BC4}
	EndGlobalSection
EndGlobal
